// !$*UTF8*$!
{
	archiveVersion = 1;
	classes = {
	};
	objectVersion = 56;
	objects = {

/* Begin PBXBuildFile section */
		0022758506CC60C48E683845 /* WidgetPaths.swift in Sources */ = {isa = PBXBuildFile; fileRef = AEE5F6D360845697647D3808 /* WidgetPaths.swift */; };
		04FD7C7DD4D878EC0D695BD9 /* Cocoa.framework in Frameworks */ = {isa = PBXBuildFile; fileRef = C9EA0551C7CFCB3404F76EE0 /* Cocoa.framework */; };
		0B4C2D7BF9036EA1A0004570 /* WidgetTemplateData.swift in Sources */ = {isa = PBXBuildFile; fileRef = 3BEC354024929BF3887BAB31 /* WidgetTemplateData.swift */; };
		17E2115CE8E510B7F5B5CB47 /* WidgetImage.swift in Sources */ = {isa = PBXBuildFile; fileRef = B29D6BE80656AF7DD6C119A6 /* WidgetImage.swift */; };
		188D66852705DCC88A5CBA4C /* PoseSequence.swift in Sources */ = {isa = PBXBuildFile; fileRef = BC2E16913F0A4AA9723725A6 /* PoseSequence.swift */; };
		1966A8567F28C575C4BEAF90 /* PetBackdropRenderer.swift in Sources */ = {isa = PBXBuildFile; fileRef = 7368A70FE50B58309EB60A2C /* PetBackdropRenderer.swift */; };
		238A5A34677F3AE2BF95CC01 /* PetsView.swift in Sources */ = {isa = PBXBuildFile; fileRef = 5405E1FB6D0C87FC9419E919 /* PetsView.swift */; };
		28CDED18A879E29656671E9E /* WidgetCatalogModels.swift in Sources */ = {isa = PBXBuildFile; fileRef = B1F924FF12FB8CEECBD4EA2F /* WidgetCatalogModels.swift */; };
		298F095D6E939507443C7908 /* WidgetsView.swift in Sources */ = {isa = PBXBuildFile; fileRef = 8E7AB3753E268B72CB297CDC /* WidgetsView.swift */; };
		3C528F6BF6D90B8B75AA516E /* WidgetLiveAPI.swift in Sources */ = {isa = PBXBuildFile; fileRef = 36677C4EC799AC98D6770014 /* WidgetLiveAPI.swift */; };
		3CEE18171E2C47CDEDB03EF6 /* PetProfile.swift in Sources */ = {isa = PBXBuildFile; fileRef = 5082EB304CAF7639AB89236D /* PetProfile.swift */; };
		3DEA13BD627CA9FF4B8A39A3 /* MatchesWidget.swift in Sources */ = {isa = PBXBuildFile; fileRef = C6CE6072430F21D53FB796D4 /* MatchesWidget.swift */; };
		449E671B08600ECE8BBA8BA5 /* DesktopWidgetManager.swift in Sources */ = {isa = PBXBuildFile; fileRef = C9C2F9BC6D0A476338D677DB /* DesktopWidgetManager.swift */; };
		496B294D114BBCB32A8C77A9 /* PetPreviewView.swift in Sources */ = {isa = PBXBuildFile; fileRef = BE4D3AB19457602F0D5D61EB /* PetPreviewView.swift */; };
		4B0E31D1DB6FA5634D6C043F /* PetStore.swift in Sources */ = {isa = PBXBuildFile; fileRef = 4356AAB60512E94D3030A1EB /* PetStore.swift */; };
		4CDD9445096B4E4DD582085E /* PetCatalog.swift in Sources */ = {isa = PBXBuildFile; fileRef = B1363DAAA59CFC600046B6C1 /* PetCatalog.swift */; };
		545E9DBD2CFF674DAC818F80 /* DesktopPetManager.swift in Sources */ = {isa = PBXBuildFile; fileRef = 9B5A6A491A7B056E9B6BA6E5 /* DesktopPetManager.swift */; };
		59DB8CEE49132CEBACECC953 /* WidgetEditorModel.swift in Sources */ = {isa = PBXBuildFile; fileRef = E74DD3CAEE2516BF272B3479 /* WidgetEditorModel.swift */; };
		5ECA8C63270AEA74197101B2 /* WidgetTemplateConfig.swift in Sources */ = {isa = PBXBuildFile; fileRef = 43CD6D58BF5865CECF199BDD /* WidgetTemplateConfig.swift */; };
		61CA52C315FD608EC89223EB /* WidgetsViewModel.swift in Sources */ = {isa = PBXBuildFile; fileRef = 59FBC4C719D7890F88B680F3 /* WidgetsViewModel.swift */; };
		68461D3FC3445F66414C8F83 /* DIYFrameBaker.swift in Sources */ = {isa = PBXBuildFile; fileRef = 9C87E7F7B86C667D7F1FD40C /* DIYFrameBaker.swift */; };
		6B828942A0E9CBB701997114 /* PetBackdropWindow.swift in Sources */ = {isa = PBXBuildFile; fileRef = BC4EE85B7D7BB6F78241FF56 /* PetBackdropWindow.swift */; };
		73D761E29FE5056C85A72142 /* WallpicsWidgetBundle.swift in Sources */ = {isa = PBXBuildFile; fileRef = 438ECF57B372488E4FA596B4 /* WallpicsWidgetBundle.swift */; };
		7BD3955EB231ABDEF6F40300 /* WidgetTiles.swift in Sources */ = {isa = PBXBuildFile; fileRef = F84EE652DF247E02687ABFFD /* WidgetTiles.swift */; };
		7C5AE7A9F2BFD7D3EF4B50FA /* WidgetEditorView.swift in Sources */ = {isa = PBXBuildFile; fileRef = 4A4318819C553015843F9648 /* WidgetEditorView.swift */; };
		7D26C82A9C21A8E6DE12C06C /* WidgetModels.swift in Sources */ = {isa = PBXBuildFile; fileRef = 23C5C425870D8FF97C70E085 /* WidgetModels.swift */; };
		802F5EE3015D9BFBC5DFB916 /* WidgetStore.swift in Sources */ = {isa = PBXBuildFile; fileRef = 6CD0FB93DA94C15043B5DCF7 /* WidgetStore.swift */; };
		95F65D524E33AA80215E8107 /* WidgetRenderView.swift in Sources */ = {isa = PBXBuildFile; fileRef = 26FCA84474CBC35EE7E13D44 /* WidgetRenderView.swift */; };
		97F07E6659D71C72CEB5C48C /* WidgetAssetResolver.swift in Sources */ = {isa = PBXBuildFile; fileRef = 128817C116CCD7AB1F751D97 /* WidgetAssetResolver.swift */; };
		987B7FA73C84D28929172375 /* WidgetTemplateView.swift in Sources */ = {isa = PBXBuildFile; fileRef = D663E18412E9535042E0235F /* WidgetTemplateView.swift */; };
		9BCEED2F5FF6428B1F83976F /* WidgetSharedStore.swift in Sources */ = {isa = PBXBuildFile; fileRef = 4915D64E49376ED002DD0DB2 /* WidgetSharedStore.swift */; };
		A1000001000000000000001 /* AppDelegate.swift in Sources */ = {isa = PBXBuildFile; fileRef = A2000001000000000000001 /* AppDelegate.swift */; };
		A1000002000000000000001 /* main.swift in Sources */ = {isa = PBXBuildFile; fileRef = A2000002000000000000001 /* main.swift */; };
		A1000003000000000000001 /* Assets.xcassets in Resources */ = {isa = PBXBuildFile; fileRef = A2000003000000000000001 /* Assets.xcassets */; };
		A1000004000000000000001 /* RiveRuntime in Frameworks */ = {isa = PBXBuildFile; productRef = A1000005000000000000001 /* RiveRuntime */; };
		A1E34D204D0999859116C62E /* WidgetPlacement.swift in Sources */ = {isa = PBXBuildFile; fileRef = 2613285DE4217B686CFC9458 /* WidgetPlacement.swift */; };
		AC000001000000000000001 /* Wallpaper.swift in Sources */ = {isa = PBXBuildFile; fileRef = AD000001000000000000001 /* Wallpaper.swift */; };
		AC000002000000000000001 /* AppSettings.swift in Sources */ = {isa = PBXBuildFile; fileRef = AD000002000000000000001 /* AppSettings.swift */; };
		AC000003000000000000001 /* SubscriptionState.swift in Sources */ = {isa = PBXBuildFile; fileRef = AD000003000000000000001 /* SubscriptionState.swift */; };
		AC000004000000000000001 /* Logger.swift in Sources */ = {isa = PBXBuildFile; fileRef = AD000004000000000000001 /* Logger.swift */; };
		AC000005000000000000001 /* KeychainStore.swift in Sources */ = {isa = PBXBuildFile; fileRef = AD000005000000000000001 /* KeychainStore.swift */; };
		AC000006000000000000001 /* WallpaperAPI.swift in Sources */ = {isa = PBXBuildFile; fileRef = AD000006000000000000001 /* WallpaperAPI.swift */; };
		AC000007000000000000001 /* CacheManager.swift in Sources */ = {isa = PBXBuildFile; fileRef = AD000007000000000000001 /* CacheManager.swift */; };
		AC000008000000000000001 /* PowerMonitor.swift in Sources */ = {isa = PBXBuildFile; fileRef = AD000008000000000000001 /* PowerMonitor.swift */; };
		AC000009000000000000001 /* WallpaperRenderer.swift in Sources */ = {isa = PBXBuildFile; fileRef = AD000009000000000000001 /* WallpaperRenderer.swift */; };
		AC00000A000000000000001 /* WatermarkService.swift in Sources */ = {isa = PBXBuildFile; fileRef = AD00000A000000000000001 /* WatermarkService.swift */; };
		AC00000B000000000000001 /* StoreKitService.swift in Sources */ = {isa = PBXBuildFile; fileRef = AD00000B000000000000001 /* StoreKitService.swift */; };
		AC00000C000000000000001 /* WallpaperWindows.swift in Sources */ = {isa = PBXBuildFile; fileRef = AD00000C000000000000001 /* WallpaperWindows.swift */; };
		AC000010000000000000001 /* MainWindowController.swift in Sources */ = {isa = PBXBuildFile; fileRef = AD000010000000000000001 /* MainWindowController.swift */; };
		AC000011000000000000001 /* AppEnvironment.swift in Sources */ = {isa = PBXBuildFile; fileRef = AD000011000000000000001 /* AppEnvironment.swift */; };
		AC000020000000000000001 /* BrowseViewModel.swift in Sources */ = {isa = PBXBuildFile; fileRef = AD000020000000000000001 /* BrowseViewModel.swift */; };
		AC000021000000000000001 /* FavoritesViewModel.swift in Sources */ = {isa = PBXBuildFile; fileRef = AD000021000000000000001 /* FavoritesViewModel.swift */; };
		AC000030000000000000001 /* AppColors.swift in Sources */ = {isa = PBXBuildFile; fileRef = AD000030000000000000001 /* AppColors.swift */; };
		AC000031000000000000001 /* ContentView.swift in Sources */ = {isa = PBXBuildFile; fileRef = AD000031000000000000001 /* ContentView.swift */; };
		AC000032000000000000001 /* SidebarView.swift in Sources */ = {isa = PBXBuildFile; fileRef = AD000032000000000000001 /* SidebarView.swift */; };
		AC000033000000000000001 /* BrowseView.swift in Sources */ = {isa = PBXBuildFile; fileRef = AD000033000000000000001 /* BrowseView.swift */; };
		AC000034000000000000001 /* WallpaperCard.swift in Sources */ = {isa = PBXBuildFile; fileRef = AD000034000000000000001 /* WallpaperCard.swift */; };
		AC000035000000000000001 /* FavoritesView.swift in Sources */ = {isa = PBXBuildFile; fileRef = AD000035000000000000001 /* FavoritesView.swift */; };
		AC000036000000000000001 /* SettingsView.swift in Sources */ = {isa = PBXBuildFile; fileRef = AD000036000000000000001 /* SettingsView.swift */; };
		AC000037000000000000001 /* PreviewPanel.swift in Sources */ = {isa = PBXBuildFile; fileRef = AD000037000000000000001 /* PreviewPanel.swift */; };
		AC000040000000000000001 /* OnboardingPresenter.swift in Sources */ = {isa = PBXBuildFile; fileRef = AD000040000000000000001 /* OnboardingPresenter.swift */; };
		AC000041000000000000001 /* OnboardingFlow.swift in Sources */ = {isa = PBXBuildFile; fileRef = AD000041000000000000001 /* OnboardingFlow.swift */; };
		AC000050000000000000001 /* PaywallPresenter.swift in Sources */ = {isa = PBXBuildFile; fileRef = AD000050000000000000001 /* PaywallPresenter.swift */; };
		AC000051000000000000001 /* PaywallScreen.swift in Sources */ = {isa = PBXBuildFile; fileRef = AD000051000000000000001 /* PaywallScreen.swift */; };
		AC000060000000000000001 /* CrashReporter.swift in Sources */ = {isa = PBXBuildFile; fileRef = AD000060000000000000001 /* CrashReporter.swift */; };
		AC000061000000000000001 /* PrivacyInfo.xcprivacy in Resources */ = {isa = PBXBuildFile; fileRef = AD000061000000000000001 /* PrivacyInfo.xcprivacy */; };
		AC000062000000000000001 /* StoreKitTesting.storekit in Resources */ = {isa = PBXBuildFile; fileRef = AD000062000000000000001 /* StoreKitTesting.storekit */; };
		AC000070000000000000001 /* ImageLoader.swift in Sources */ = {isa = PBXBuildFile; fileRef = AD000070000000000000001 /* ImageLoader.swift */; };
		AC000071000000000000001 /* Localizable.xcstrings in Resources */ = {isa = PBXBuildFile; fileRef = AD000071000000000000001 /* Localizable.xcstrings */; };
		AC000080000000000000001 /* DesignSystem.swift in Sources */ = {isa = PBXBuildFile; fileRef = AD000080000000000000001 /* DesignSystem.swift */; };
		AC000090000000000000001 /* AppLanguage.swift in Sources */ = {isa = PBXBuildFile; fileRef = AD000090000000000000001 /* AppLanguage.swift */; };
		AC0000A0000000000000001 /* ImportService.swift in Sources */ = {isa = PBXBuildFile; fileRef = AD0000A0000000000000001 /* ImportService.swift */; };
		AC0000A0000000000000002 /* ZipExtractor.swift in Sources */ = {isa = PBXBuildFile; fileRef = AD0000A0000000000000002 /* ZipExtractor.swift */; };
		AC0000A000000000000003 /* LoginItemService.swift in Sources */ = {isa = PBXBuildFile; fileRef = AD0000A000000000000003 /* LoginItemService.swift */; };
		AC0000A000000000000004 /* ActiveWallpaperStore.swift in Sources */ = {isa = PBXBuildFile; fileRef = AD0000A000000000000004 /* ActiveWallpaperStore.swift */; };
		AC0000A000000000000005 /* ShaderSnapshot.swift in Sources */ = {isa = PBXBuildFile; fileRef = AD0000A000000000000005 /* ShaderSnapshot.swift */; };
		AC0000A000000000000006 /* WallpaperPoster.swift in Sources */ = {isa = PBXBuildFile; fileRef = AD0000A000000000000006 /* WallpaperPoster.swift */; };
		AC0000A000000000000007 /* WallpaperCategory.swift in Sources */ = {isa = PBXBuildFile; fileRef = AD0000A000000000000007 /* WallpaperCategory.swift */; };
		AC0000A000000000000008 /* AnimatedWebPView.swift in Sources */ = {isa = PBXBuildFile; fileRef = AD0000A000000000000008 /* AnimatedWebPView.swift */; };
		AC0000A000000000000009 /* UploadsView.swift in Sources */ = {isa = PBXBuildFile; fileRef = AD0000A000000000000009 /* UploadsView.swift */; };
		AC0000A000000000000099 /* HWheelScroll.swift in Sources */ = {isa = PBXBuildFile; fileRef = AD0000A000000000000099 /* HWheelScroll.swift */; };
		B56B5E45C3CF13F1B91D4EF9 /* WallpicsPhotoWidget.swift in Sources */ = {isa = PBXBuildFile; fileRef = DAD64552A46CD4C3AB449DF4 /* WallpicsPhotoWidget.swift */; };
		BEED5DBC7B8468B837C7F6F2 /* DesktopPetWindow.swift in Sources */ = {isa = PBXBuildFile; fileRef = A3900E5799CE0DFDB8095859 /* DesktopPetWindow.swift */; };
		C706000A029426925A98EC2E /* WidgetModels.swift in Sources */ = {isa = PBXBuildFile; fileRef = 23C5C425870D8FF97C70E085 /* WidgetModels.swift */; };
		DB350630BC7E36FC994A939F /* Pets in Resources */ = {isa = PBXBuildFile; fileRef = ADFE8DCA3245E9E941422184 /* Pets */; };
		DC44CFC23A302EC527823E6D /* WidgetBundleStore.swift in Sources */ = {isa = PBXBuildFile; fileRef = 7FC5E6B57B74DF56E4D4630E /* WidgetBundleStore.swift */; };
		EB347DC536C79EEEC882C43F /* PetRenderer.swift in Sources */ = {isa = PBXBuildFile; fileRef = 308F4D48172C2D0468B561F9 /* PetRenderer.swift */; };
		EC909DF5EFAEEDD79C83A861 /* SelectWidgetIntent.swift in Sources */ = {isa = PBXBuildFile; fileRef = EE3CE76D02AAD667C56E43A8 /* SelectWidgetIntent.swift */; };
		ECA8939D52F1D2D821F36D1D /* PetModels.swift in Sources */ = {isa = PBXBuildFile; fileRef = F527D996D2CA2F8DD3B6A988 /* PetModels.swift */; };
		EE61B7122AE5A7B2B7FD1F14 /* GazeMap.swift in Sources */ = {isa = PBXBuildFile; fileRef = 934FC454DA24FD293408097B /* GazeMap.swift */; };
		EEE0A211842651AEE5D52471 /* PetBackdropService.swift in Sources */ = {isa = PBXBuildFile; fileRef = 1F41D286E5352CC830959E9D /* PetBackdropService.swift */; };
		EFFAE9B1E8381164D7B32BD5 /* PetsViewModel.swift in Sources */ = {isa = PBXBuildFile; fileRef = 5F13445A4CEC2879E73FDD38 /* PetsViewModel.swift */; };
		F310155BD39D4412E0A1C0F8 /* WidgetSharedExport.swift in Sources */ = {isa = PBXBuildFile; fileRef = E6F5A43595EF0B78D10A68D1 /* WidgetSharedExport.swift */; };
		F82C9776D3E0E5DBF6D603EA /* WallpicsWidgetExtension.appex in Embed Foundation Extensions */ = {isa = PBXBuildFile; fileRef = 3691DDD0E08111A43D91D9FB /* WallpicsWidgetExtension.appex */; settings = {ATTRIBUTES = (RemoveHeadersOnCopy, ); }; };
/* End PBXBuildFile section */

/* Begin PBXContainerItemProxy section */
		B5E1492E5FC54428D160B0AA /* PBXContainerItemProxy */ = {
			isa = PBXContainerItemProxy;
			containerPortal = A0000001000000000000001 /* Project object */;
			proxyType = 1;
			remoteGlobalIDString = 8A3ECE55ECFE3AFE0361F4AF;
			remoteInfo = WallpicsWidgetExtension;
		};
/* End PBXContainerItemProxy section */

/* Begin PBXCopyFilesBuildPhase section */
		6FB56FBF3BD020CB0D8AB667 /* Embed Foundation Extensions */ = {
			isa = PBXCopyFilesBuildPhase;
			buildActionMask = 2147483647;
			dstPath = "";
			dstSubfolderSpec = 13;
			files = (
				F82C9776D3E0E5DBF6D603EA /* WallpicsWidgetExtension.appex in Embed Foundation Extensions */,
			);
			name = "Embed Foundation Extensions";
			runOnlyForDeploymentPostprocessing = 0;
		};
/* End PBXCopyFilesBuildPhase section */

/* Begin PBXFileReference section */
		128817C116CCD7AB1F751D97 /* WidgetAssetResolver.swift */ = {isa = PBXFileReference; includeInIndex = 1; lastKnownFileType = sourcecode.swift; path = WidgetAssetResolver.swift; sourceTree = "<group>"; };
		1F41D286E5352CC830959E9D /* PetBackdropService.swift */ = {isa = PBXFileReference; includeInIndex = 1; lastKnownFileType = sourcecode.swift; path = PetBackdropService.swift; sourceTree = "<group>"; };
		215C2434A814A5F95DFA36B9 /* Info.plist */ = {isa = PBXFileReference; includeInIndex = 1; lastKnownFileType = text.plist.xml; path = Info.plist; sourceTree = "<group>"; };
		23C5C425870D8FF97C70E085 /* WidgetModels.swift */ = {isa = PBXFileReference; includeInIndex = 1; lastKnownFileType = sourcecode.swift; path = WidgetModels.swift; sourceTree = "<group>"; };
		2613285DE4217B686CFC9458 /* WidgetPlacement.swift */ = {isa = PBXFileReference; includeInIndex = 1; lastKnownFileType = sourcecode.swift; path = WidgetPlacement.swift; sourceTree = "<group>"; };
		26FCA84474CBC35EE7E13D44 /* WidgetRenderView.swift */ = {isa = PBXFileReference; includeInIndex = 1; lastKnownFileType = sourcecode.swift; path = WidgetRenderView.swift; sourceTree = "<group>"; };
		279A58E939A5FD364E8160CB /* WallpicsWidgetExtension.entitlements */ = {isa = PBXFileReference; includeInIndex = 1; lastKnownFileType = text.plist.entitlements; path = WallpicsWidgetExtension.entitlements; sourceTree = "<group>"; };
		308F4D48172C2D0468B561F9 /* PetRenderer.swift */ = {isa = PBXFileReference; includeInIndex = 1; lastKnownFileType = sourcecode.swift; path = PetRenderer.swift; sourceTree = "<group>"; };
		36677C4EC799AC98D6770014 /* WidgetLiveAPI.swift */ = {isa = PBXFileReference; includeInIndex = 1; lastKnownFileType = sourcecode.swift; path = WidgetLiveAPI.swift; sourceTree = "<group>"; };
		3691DDD0E08111A43D91D9FB /* WallpicsWidgetExtension.appex */ = {isa = PBXFileReference; explicitFileType = "wrapper.app-extension"; includeInIndex = 0; path = WallpicsWidgetExtension.appex; sourceTree = BUILT_PRODUCTS_DIR; };
		3BEC354024929BF3887BAB31 /* WidgetTemplateData.swift */ = {isa = PBXFileReference; includeInIndex = 1; lastKnownFileType = sourcecode.swift; path = WidgetTemplateData.swift; sourceTree = "<group>"; };
		4356AAB60512E94D3030A1EB /* PetStore.swift */ = {isa = PBXFileReference; includeInIndex = 1; lastKnownFileType = sourcecode.swift; path = PetStore.swift; sourceTree = "<group>"; };
		438ECF57B372488E4FA596B4 /* WallpicsWidgetBundle.swift */ = {isa = PBXFileReference; includeInIndex = 1; lastKnownFileType = sourcecode.swift; path = WallpicsWidgetBundle.swift; sourceTree = "<group>"; };
		43CD6D58BF5865CECF199BDD /* WidgetTemplateConfig.swift */ = {isa = PBXFileReference; includeInIndex = 1; lastKnownFileType = sourcecode.swift; path = WidgetTemplateConfig.swift; sourceTree = "<group>"; };
		4915D64E49376ED002DD0DB2 /* WidgetSharedStore.swift */ = {isa = PBXFileReference; includeInIndex = 1; lastKnownFileType = sourcecode.swift; name = WidgetSharedStore.swift; path = Shared/WidgetSharedStore.swift; sourceTree = "<group>"; };
		4A4318819C553015843F9648 /* WidgetEditorView.swift */ = {isa = PBXFileReference; includeInIndex = 1; lastKnownFileType = sourcecode.swift; path = WidgetEditorView.swift; sourceTree = "<group>"; };
		5082EB304CAF7639AB89236D /* PetProfile.swift */ = {isa = PBXFileReference; includeInIndex = 1; lastKnownFileType = sourcecode.swift; path = PetProfile.swift; sourceTree = "<group>"; };
		5405E1FB6D0C87FC9419E919 /* PetsView.swift */ = {isa = PBXFileReference; includeInIndex = 1; lastKnownFileType = sourcecode.swift; path = PetsView.swift; sourceTree = "<group>"; };
		59FBC4C719D7890F88B680F3 /* WidgetsViewModel.swift */ = {isa = PBXFileReference; includeInIndex = 1; lastKnownFileType = sourcecode.swift; path = WidgetsViewModel.swift; sourceTree = "<group>"; };
		5F13445A4CEC2879E73FDD38 /* PetsViewModel.swift */ = {isa = PBXFileReference; includeInIndex = 1; lastKnownFileType = sourcecode.swift; path = PetsViewModel.swift; sourceTree = "<group>"; };
		6CD0FB93DA94C15043B5DCF7 /* WidgetStore.swift */ = {isa = PBXFileReference; includeInIndex = 1; lastKnownFileType = sourcecode.swift; path = WidgetStore.swift; sourceTree = "<group>"; };
		7368A70FE50B58309EB60A2C /* PetBackdropRenderer.swift */ = {isa = PBXFileReference; includeInIndex = 1; lastKnownFileType = sourcecode.swift; path = PetBackdropRenderer.swift; sourceTree = "<group>"; };
		7FC5E6B57B74DF56E4D4630E /* WidgetBundleStore.swift */ = {isa = PBXFileReference; includeInIndex = 1; lastKnownFileType = sourcecode.swift; path = WidgetBundleStore.swift; sourceTree = "<group>"; };
		8E7AB3753E268B72CB297CDC /* WidgetsView.swift */ = {isa = PBXFileReference; includeInIndex = 1; lastKnownFileType = sourcecode.swift; path = WidgetsView.swift; sourceTree = "<group>"; };
		934FC454DA24FD293408097B /* GazeMap.swift */ = {isa = PBXFileReference; includeInIndex = 1; lastKnownFileType = sourcecode.swift; path = GazeMap.swift; sourceTree = "<group>"; };
		9B5A6A491A7B056E9B6BA6E5 /* DesktopPetManager.swift */ = {isa = PBXFileReference; includeInIndex = 1; lastKnownFileType = sourcecode.swift; path = DesktopPetManager.swift; sourceTree = "<group>"; };
		9C87E7F7B86C667D7F1FD40C /* DIYFrameBaker.swift */ = {isa = PBXFileReference; includeInIndex = 1; lastKnownFileType = sourcecode.swift; path = DIYFrameBaker.swift; sourceTree = "<group>"; };
		A2000001000000000000001 /* AppDelegate.swift */ = {isa = PBXFileReference; lastKnownFileType = sourcecode.swift; path = AppDelegate.swift; sourceTree = "<group>"; };
		A2000002000000000000001 /* main.swift */ = {isa = PBXFileReference; lastKnownFileType = sourcecode.swift; path = main.swift; sourceTree = "<group>"; };
		A2000003000000000000001 /* Assets.xcassets */ = {isa = PBXFileReference; lastKnownFileType = folder.assetcatalog; path = Assets.xcassets; sourceTree = "<group>"; };
		A2000004000000000000001 /* Info.plist */ = {isa = PBXFileReference; lastKnownFileType = text.plist.xml; path = Info.plist; sourceTree = "<group>"; };
		A2000006000000000000001 /* WallpicsMac.entitlements */ = {isa = PBXFileReference; lastKnownFileType = text.plist.entitlements; path = WallpicsMac.entitlements; sourceTree = "<group>"; };
		A3000001000000000000001 /* WallpicsMac.app */ = {isa = PBXFileReference; explicitFileType = wrapper.application; includeInIndex = 0; path = WallpicsMac.app; sourceTree = BUILT_PRODUCTS_DIR; };
		A3900E5799CE0DFDB8095859 /* DesktopPetWindow.swift */ = {isa = PBXFileReference; includeInIndex = 1; lastKnownFileType = sourcecode.swift; path = DesktopPetWindow.swift; sourceTree = "<group>"; };
		AD000001000000000000001 /* Wallpaper.swift */ = {isa = PBXFileReference; lastKnownFileType = sourcecode.swift; path = Wallpaper.swift; sourceTree = "<group>"; };
		AD000002000000000000001 /* AppSettings.swift */ = {isa = PBXFileReference; lastKnownFileType = sourcecode.swift; path = AppSettings.swift; sourceTree = "<group>"; };
		AD000003000000000000001 /* SubscriptionState.swift */ = {isa = PBXFileReference; lastKnownFileType = sourcecode.swift; path = SubscriptionState.swift; sourceTree = "<group>"; };
		AD000004000000000000001 /* Logger.swift */ = {isa = PBXFileReference; lastKnownFileType = sourcecode.swift; path = Logger.swift; sourceTree = "<group>"; };
		AD000005000000000000001 /* KeychainStore.swift */ = {isa = PBXFileReference; lastKnownFileType = sourcecode.swift; path = KeychainStore.swift; sourceTree = "<group>"; };
		AD000006000000000000001 /* WallpaperAPI.swift */ = {isa = PBXFileReference; lastKnownFileType = sourcecode.swift; path = WallpaperAPI.swift; sourceTree = "<group>"; };
		AD000007000000000000001 /* CacheManager.swift */ = {isa = PBXFileReference; lastKnownFileType = sourcecode.swift; path = CacheManager.swift; sourceTree = "<group>"; };
		AD000008000000000000001 /* PowerMonitor.swift */ = {isa = PBXFileReference; lastKnownFileType = sourcecode.swift; path = PowerMonitor.swift; sourceTree = "<group>"; };
		AD000009000000000000001 /* WallpaperRenderer.swift */ = {isa = PBXFileReference; lastKnownFileType = sourcecode.swift; path = WallpaperRenderer.swift; sourceTree = "<group>"; };
		AD00000A000000000000001 /* WatermarkService.swift */ = {isa = PBXFileReference; lastKnownFileType = sourcecode.swift; path = WatermarkService.swift; sourceTree = "<group>"; };
		AD00000B000000000000001 /* StoreKitService.swift */ = {isa = PBXFileReference; lastKnownFileType = sourcecode.swift; path = StoreKitService.swift; sourceTree = "<group>"; };
		AD00000C000000000000001 /* WallpaperWindows.swift */ = {isa = PBXFileReference; lastKnownFileType = sourcecode.swift; path = WallpaperWindows.swift; sourceTree = "<group>"; };
		AD000010000000000000001 /* MainWindowController.swift */ = {isa = PBXFileReference; lastKnownFileType = sourcecode.swift; path = MainWindowController.swift; sourceTree = "<group>"; };
		AD000011000000000000001 /* AppEnvironment.swift */ = {isa = PBXFileReference; lastKnownFileType = sourcecode.swift; path = AppEnvironment.swift; sourceTree = "<group>"; };
		AD000020000000000000001 /* BrowseViewModel.swift */ = {isa = PBXFileReference; lastKnownFileType = sourcecode.swift; path = BrowseViewModel.swift; sourceTree = "<group>"; };
		AD000021000000000000001 /* FavoritesViewModel.swift */ = {isa = PBXFileReference; lastKnownFileType = sourcecode.swift; path = FavoritesViewModel.swift; sourceTree = "<group>"; };
		AD000030000000000000001 /* AppColors.swift */ = {isa = PBXFileReference; lastKnownFileType = sourcecode.swift; path = AppColors.swift; sourceTree = "<group>"; };
		AD000031000000000000001 /* ContentView.swift */ = {isa = PBXFileReference; lastKnownFileType = sourcecode.swift; path = ContentView.swift; sourceTree = "<group>"; };
		AD000032000000000000001 /* SidebarView.swift */ = {isa = PBXFileReference; lastKnownFileType = sourcecode.swift; path = SidebarView.swift; sourceTree = "<group>"; };
		AD000033000000000000001 /* BrowseView.swift */ = {isa = PBXFileReference; lastKnownFileType = sourcecode.swift; path = BrowseView.swift; sourceTree = "<group>"; };
		AD000034000000000000001 /* WallpaperCard.swift */ = {isa = PBXFileReference; lastKnownFileType = sourcecode.swift; path = WallpaperCard.swift; sourceTree = "<group>"; };
		AD000035000000000000001 /* FavoritesView.swift */ = {isa = PBXFileReference; lastKnownFileType = sourcecode.swift; path = FavoritesView.swift; sourceTree = "<group>"; };
		AD000036000000000000001 /* SettingsView.swift */ = {isa = PBXFileReference; lastKnownFileType = sourcecode.swift; path = SettingsView.swift; sourceTree = "<group>"; };
		AD000037000000000000001 /* PreviewPanel.swift */ = {isa = PBXFileReference; lastKnownFileType = sourcecode.swift; path = PreviewPanel.swift; sourceTree = "<group>"; };
		AD000040000000000000001 /* OnboardingPresenter.swift */ = {isa = PBXFileReference; lastKnownFileType = sourcecode.swift; path = OnboardingPresenter.swift; sourceTree = "<group>"; };
		AD000041000000000000001 /* OnboardingFlow.swift */ = {isa = PBXFileReference; lastKnownFileType = sourcecode.swift; path = OnboardingFlow.swift; sourceTree = "<group>"; };
		AD000050000000000000001 /* PaywallPresenter.swift */ = {isa = PBXFileReference; lastKnownFileType = sourcecode.swift; path = PaywallPresenter.swift; sourceTree = "<group>"; };
		AD000051000000000000001 /* PaywallScreen.swift */ = {isa = PBXFileReference; lastKnownFileType = sourcecode.swift; path = PaywallScreen.swift; sourceTree = "<group>"; };
		AD000060000000000000001 /* CrashReporter.swift */ = {isa = PBXFileReference; lastKnownFileType = sourcecode.swift; path = CrashReporter.swift; sourceTree = "<group>"; };
		AD000061000000000000001 /* PrivacyInfo.xcprivacy */ = {isa = PBXFileReference; lastKnownFileType = text.plist.xml; path = PrivacyInfo.xcprivacy; sourceTree = "<group>"; };
		AD000062000000000000001 /* StoreKitTesting.storekit */ = {isa = PBXFileReference; lastKnownFileType = text.json; path = StoreKitTesting.storekit; sourceTree = "<group>"; };
		AD000070000000000000001 /* ImageLoader.swift */ = {isa = PBXFileReference; lastKnownFileType = sourcecode.swift; path = ImageLoader.swift; sourceTree = "<group>"; };
		AD000071000000000000001 /* Localizable.xcstrings */ = {isa = PBXFileReference; lastKnownFileType = text.json.xcstrings; path = Localizable.xcstrings; sourceTree = "<group>"; };
		AD000080000000000000001 /* DesignSystem.swift */ = {isa = PBXFileReference; lastKnownFileType = sourcecode.swift; path = DesignSystem.swift; sourceTree = "<group>"; };
		AD000090000000000000001 /* AppLanguage.swift */ = {isa = PBXFileReference; lastKnownFileType = sourcecode.swift; path = AppLanguage.swift; sourceTree = "<group>"; };
		AD0000A0000000000000001 /* ImportService.swift */ = {isa = PBXFileReference; lastKnownFileType = sourcecode.swift; path = ImportService.swift; sourceTree = "<group>"; };
		AD0000A0000000000000002 /* ZipExtractor.swift */ = {isa = PBXFileReference; lastKnownFileType = sourcecode.swift; path = ZipExtractor.swift; sourceTree = "<group>"; };
		AD0000A000000000000003 /* LoginItemService.swift */ = {isa = PBXFileReference; lastKnownFileType = sourcecode.swift; path = LoginItemService.swift; sourceTree = "<group>"; };
		AD0000A000000000000004 /* ActiveWallpaperStore.swift */ = {isa = PBXFileReference; lastKnownFileType = sourcecode.swift; path = ActiveWallpaperStore.swift; sourceTree = "<group>"; };
		AD0000A000000000000005 /* ShaderSnapshot.swift */ = {isa = PBXFileReference; lastKnownFileType = sourcecode.swift; path = ShaderSnapshot.swift; sourceTree = "<group>"; };
		AD0000A000000000000006 /* WallpaperPoster.swift */ = {isa = PBXFileReference; lastKnownFileType = sourcecode.swift; path = WallpaperPoster.swift; sourceTree = "<group>"; };
		AD0000A000000000000007 /* WallpaperCategory.swift */ = {isa = PBXFileReference; lastKnownFileType = sourcecode.swift; path = WallpaperCategory.swift; sourceTree = "<group>"; };
		AD0000A000000000000008 /* AnimatedWebPView.swift */ = {isa = PBXFileReference; lastKnownFileType = sourcecode.swift; path = AnimatedWebPView.swift; sourceTree = "<group>"; };
		AD0000A000000000000009 /* UploadsView.swift */ = {isa = PBXFileReference; lastKnownFileType = sourcecode.swift; path = UploadsView.swift; sourceTree = "<group>"; };
		AD0000A000000000000099 /* HWheelScroll.swift */ = {isa = PBXFileReference; lastKnownFileType = sourcecode.swift; path = HWheelScroll.swift; sourceTree = "<group>"; };
		ADFE8DCA3245E9E941422184 /* Pets */ = {isa = PBXFileReference; includeInIndex = 1; lastKnownFileType = folder; path = Pets; sourceTree = "<group>"; };
		AEE5F6D360845697647D3808 /* WidgetPaths.swift */ = {isa = PBXFileReference; includeInIndex = 1; lastKnownFileType = sourcecode.swift; path = WidgetPaths.swift; sourceTree = "<group>"; };
		B1363DAAA59CFC600046B6C1 /* PetCatalog.swift */ = {isa = PBXFileReference; includeInIndex = 1; lastKnownFileType = sourcecode.swift; path = PetCatalog.swift; sourceTree = "<group>"; };
		B1F924FF12FB8CEECBD4EA2F /* WidgetCatalogModels.swift */ = {isa = PBXFileReference; includeInIndex = 1; lastKnownFileType = sourcecode.swift; path = WidgetCatalogModels.swift; sourceTree = "<group>"; };
		B29D6BE80656AF7DD6C119A6 /* WidgetImage.swift */ = {isa = PBXFileReference; includeInIndex = 1; lastKnownFileType = sourcecode.swift; path = WidgetImage.swift; sourceTree = "<group>"; };
		BC2E16913F0A4AA9723725A6 /* PoseSequence.swift */ = {isa = PBXFileReference; includeInIndex = 1; lastKnownFileType = sourcecode.swift; path = PoseSequence.swift; sourceTree = "<group>"; };
		BC4EE85B7D7BB6F78241FF56 /* PetBackdropWindow.swift */ = {isa = PBXFileReference; includeInIndex = 1; lastKnownFileType = sourcecode.swift; path = PetBackdropWindow.swift; sourceTree = "<group>"; };
		BE4D3AB19457602F0D5D61EB /* PetPreviewView.swift */ = {isa = PBXFileReference; includeInIndex = 1; lastKnownFileType = sourcecode.swift; path = PetPreviewView.swift; sourceTree = "<group>"; };
		C6CE6072430F21D53FB796D4 /* MatchesWidget.swift */ = {isa = PBXFileReference; includeInIndex = 1; lastKnownFileType = sourcecode.swift; path = MatchesWidget.swift; sourceTree = "<group>"; };
		C9C2F9BC6D0A476338D677DB /* DesktopWidgetManager.swift */ = {isa = PBXFileReference; includeInIndex = 1; lastKnownFileType = sourcecode.swift; path = DesktopWidgetManager.swift; sourceTree = "<group>"; };
		C9EA0551C7CFCB3404F76EE0 /* Cocoa.framework */ = {isa = PBXFileReference; lastKnownFileType = wrapper.framework; name = Cocoa.framework; path = Platforms/MacOSX.platform/Developer/SDKs/MacOSX15.0.sdk/System/Library/Frameworks/Cocoa.framework; sourceTree = DEVELOPER_DIR; };
		D663E18412E9535042E0235F /* WidgetTemplateView.swift */ = {isa = PBXFileReference; includeInIndex = 1; lastKnownFileType = sourcecode.swift; path = WidgetTemplateView.swift; sourceTree = "<group>"; };
		DAD64552A46CD4C3AB449DF4 /* WallpicsPhotoWidget.swift */ = {isa = PBXFileReference; includeInIndex = 1; lastKnownFileType = sourcecode.swift; path = WallpicsPhotoWidget.swift; sourceTree = "<group>"; };
		E6F5A43595EF0B78D10A68D1 /* WidgetSharedExport.swift */ = {isa = PBXFileReference; includeInIndex = 1; lastKnownFileType = sourcecode.swift; path = WidgetSharedExport.swift; sourceTree = "<group>"; };
		E74DD3CAEE2516BF272B3479 /* WidgetEditorModel.swift */ = {isa = PBXFileReference; includeInIndex = 1; lastKnownFileType = sourcecode.swift; path = WidgetEditorModel.swift; sourceTree = "<group>"; };
		EE3CE76D02AAD667C56E43A8 /* SelectWidgetIntent.swift */ = {isa = PBXFileReference; includeInIndex = 1; lastKnownFileType = sourcecode.swift; path = SelectWidgetIntent.swift; sourceTree = "<group>"; };
		F527D996D2CA2F8DD3B6A988 /* PetModels.swift */ = {isa = PBXFileReference; includeInIndex = 1; lastKnownFileType = sourcecode.swift; path = PetModels.swift; sourceTree = "<group>"; };
		F84EE652DF247E02687ABFFD /* WidgetTiles.swift */ = {isa = PBXFileReference; includeInIndex = 1; lastKnownFileType = sourcecode.swift; path = WidgetTiles.swift; sourceTree = "<group>"; };
/* End PBXFileReference section */

/* Begin PBXFrameworksBuildPhase section */
		9070190B6ECC5D470812154D /* Frameworks */ = {
			isa = PBXFrameworksBuildPhase;
			buildActionMask = 2147483647;
			files = (
				04FD7C7DD4D878EC0D695BD9 /* Cocoa.framework in Frameworks */,
			);
			runOnlyForDeploymentPostprocessing = 0;
		};
		A4000001000000000000001 /* Frameworks */ = {
			isa = PBXFrameworksBuildPhase;
			buildActionMask = 2147483647;
			files = (
				A1000004000000000000001 /* RiveRuntime in Frameworks */,
			);
			runOnlyForDeploymentPostprocessing = 0;
		};
/* End PBXFrameworksBuildPhase section */

/* Begin PBXGroup section */
		0169DF83FAE2AA04D145A1CC /* Backend */ = {
			isa = PBXGroup;
			children = (
				7FC5E6B57B74DF56E4D4630E /* WidgetBundleStore.swift */,
				B1F924FF12FB8CEECBD4EA2F /* WidgetCatalogModels.swift */,
			);
			path = Backend;
			sourceTree = "<group>";
		};
		0C2BF0C943174F902D2575C8 /* Widgets */ = {
			isa = PBXGroup;
			children = (
				0169DF83FAE2AA04D145A1CC /* Backend */,
				8811FA067A15933971306E8A /* Core */,
				731955957D5AA1A8760021AB /* Desktop */,
				315A8CFF3EC59F1E98C760BD /* Editors */,
				8B4EF172B8386183F094F82A /* Render */,
				B7386DE673C8102EFE93B67D /* ViewModels */,
				92526F039CFF197C7BE013BE /* Views */,
				2A17796CC26605C84C657982 /* Templates */,
				B2C0AACC20D527CF36FB5E96 /* DIY */,
			);
			path = Widgets;
			sourceTree = "<group>";
		};
		2A17796CC26605C84C657982 /* Templates */ = {
			isa = PBXGroup;
			children = (
				43CD6D58BF5865CECF199BDD /* WidgetTemplateConfig.swift */,
				3BEC354024929BF3887BAB31 /* WidgetTemplateData.swift */,
				D663E18412E9535042E0235F /* WidgetTemplateView.swift */,
			);
			path = Templates;
			sourceTree = "<group>";
		};
		315A8CFF3EC59F1E98C760BD /* Editors */ = {
			isa = PBXGroup;
			children = (
				E74DD3CAEE2516BF272B3479 /* WidgetEditorModel.swift */,
				4A4318819C553015843F9648 /* WidgetEditorView.swift */,
			);
			path = Editors;
			sourceTree = "<group>";
		};
		3D1E9ACAC26D7C4D6114AF1A /* Render */ = {
			isa = PBXGroup;
			children = (
				BC2E16913F0A4AA9723725A6 /* PoseSequence.swift */,
				934FC454DA24FD293408097B /* GazeMap.swift */,
				308F4D48172C2D0468B561F9 /* PetRenderer.swift */,
			);
			name = Render;
			path = Render;
			sourceTree = "<group>";
		};
		452ED1A2986AA53F1FF13449 /* Frameworks */ = {
			isa = PBXGroup;
			children = (
				70F8FB8ABBFB0128F787DEE3 /* OS X */,
			);
			name = Frameworks;
			sourceTree = "<group>";
		};
		70F8FB8ABBFB0128F787DEE3 /* OS X */ = {
			isa = PBXGroup;
			children = (
				C9EA0551C7CFCB3404F76EE0 /* Cocoa.framework */,
			);
			name = "OS X";
			sourceTree = "<group>";
		};
		731955957D5AA1A8760021AB /* Desktop */ = {
			isa = PBXGroup;
			children = (
				C9C2F9BC6D0A476338D677DB /* DesktopWidgetManager.swift */,
				2613285DE4217B686CFC9458 /* WidgetPlacement.swift */,
			);
			path = Desktop;
			sourceTree = "<group>";
		};
		8811FA067A15933971306E8A /* Core */ = {
			isa = PBXGroup;
			children = (
				128817C116CCD7AB1F751D97 /* WidgetAssetResolver.swift */,
				B29D6BE80656AF7DD6C119A6 /* WidgetImage.swift */,
				23C5C425870D8FF97C70E085 /* WidgetModels.swift */,
				AEE5F6D360845697647D3808 /* WidgetPaths.swift */,
				6CD0FB93DA94C15043B5DCF7 /* WidgetStore.swift */,
			);
			path = Core;
			sourceTree = "<group>";
		};
		8B4EF172B8386183F094F82A /* Render */ = {
			isa = PBXGroup;
			children = (
				26FCA84474CBC35EE7E13D44 /* WidgetRenderView.swift */,
			);
			path = Render;
			sourceTree = "<group>";
		};
		92526F039CFF197C7BE013BE /* Views */ = {
			isa = PBXGroup;
			children = (
				F84EE652DF247E02687ABFFD /* WidgetTiles.swift */,
				8E7AB3753E268B72CB297CDC /* WidgetsView.swift */,
			);
			path = Views;
			sourceTree = "<group>";
		};
		A5000001000000000000001 = {
			isa = PBXGroup;
			children = (
				A5000002000000000000001 /* WallpicsMac */,
				A5000003000000000000001 /* Products */,
				452ED1A2986AA53F1FF13449 /* Frameworks */,
				FC8B4AEF779468F37C860D45 /* WallpicsWidgetExtension */,
			);
			sourceTree = "<group>";
		};
		A5000002000000000000001 /* WallpicsMac */ = {
			isa = PBXGroup;
			children = (
				A2000002000000000000001 /* main.swift */,
				A2000001000000000000001 /* AppDelegate.swift */,
				A2000003000000000000001 /* Assets.xcassets */,
				A2000004000000000000001 /* Info.plist */,
				A2000006000000000000001 /* WallpicsMac.entitlements */,
				AE000001000000000000001 /* App */,
				AE000002000000000000001 /* Models */,
				AE000003000000000000001 /* Services */,
				AE000004000000000000001 /* WallpaperEngine */,
				AE000005000000000000001 /* ViewControllers */,
				AE000006000000000000001 /* ViewModels */,
				AE000007000000000000001 /* Views */,
				AE000008000000000000001 /* Onboarding */,
				AE000009000000000000001 /* Paywall */,
				AE00000A000000000000001 /* Resources */,
				0C2BF0C943174F902D2575C8 /* Widgets */,
				D04D92B7D7AB5A8BDE97A398 /* Pets */,
			);
			path = WallpicsMac;
			sourceTree = "<group>";
		};
		A5000003000000000000001 /* Products */ = {
			isa = PBXGroup;
			children = (
				A3000001000000000000001 /* WallpicsMac.app */,
				3691DDD0E08111A43D91D9FB /* WallpicsWidgetExtension.appex */,
			);
			name = Products;
			sourceTree = "<group>";
		};
		AE000001000000000000001 /* App */ = {
			isa = PBXGroup;
			children = (
				AD000010000000000000001 /* MainWindowController.swift */,
				AD000011000000000000001 /* AppEnvironment.swift */,
				AD000090000000000000001 /* AppLanguage.swift */,
			);
			path = App;
			sourceTree = "<group>";
		};
		AE000002000000000000001 /* Models */ = {
			isa = PBXGroup;
			children = (
				AD000001000000000000001 /* Wallpaper.swift */,
				AD0000A000000000000007 /* WallpaperCategory.swift */,
				AD000002000000000000001 /* AppSettings.swift */,
				AD000003000000000000001 /* SubscriptionState.swift */,
			);
			path = Models;
			sourceTree = "<group>";
		};
		AE000003000000000000001 /* Services */ = {
			isa = PBXGroup;
			children = (
				AD000004000000000000001 /* Logger.swift */,
				AD000005000000000000001 /* KeychainStore.swift */,
				AD000006000000000000001 /* WallpaperAPI.swift */,
				AD000007000000000000001 /* CacheManager.swift */,
				AD000008000000000000001 /* PowerMonitor.swift */,
				AD000009000000000000001 /* WallpaperRenderer.swift */,
				AD00000A000000000000001 /* WatermarkService.swift */,
				AD00000B000000000000001 /* StoreKitService.swift */,
				AD000060000000000000001 /* CrashReporter.swift */,
				AD000070000000000000001 /* ImageLoader.swift */,
				AD0000A0000000000000001 /* ImportService.swift */,
				AD0000A0000000000000002 /* ZipExtractor.swift */,
				AD0000A000000000000006 /* WallpaperPoster.swift */,
				AD0000A000000000000005 /* ShaderSnapshot.swift */,
				AD0000A000000000000004 /* ActiveWallpaperStore.swift */,
				AD0000A000000000000003 /* LoginItemService.swift */,
			);
			path = Services;
			sourceTree = "<group>";
		};
		AE000004000000000000001 /* WallpaperEngine */ = {
			isa = PBXGroup;
			children = (
				AD00000C000000000000001 /* WallpaperWindows.swift */,
			);
			path = WallpaperEngine;
			sourceTree = "<group>";
		};
		AE000005000000000000001 /* ViewControllers */ = {
			isa = PBXGroup;
			children = (
			);
			path = ViewControllers;
			sourceTree = "<group>";
		};
		AE000006000000000000001 /* ViewModels */ = {
			isa = PBXGroup;
			children = (
				AD000020000000000000001 /* BrowseViewModel.swift */,
				AD000021000000000000001 /* FavoritesViewModel.swift */,
			);
			path = ViewModels;
			sourceTree = "<group>";
		};
		AE000007000000000000001 /* Views */ = {
			isa = PBXGroup;
			children = (
				AD000030000000000000001 /* AppColors.swift */,
				AD000031000000000000001 /* ContentView.swift */,
				AD000032000000000000001 /* SidebarView.swift */,
				AD000033000000000000001 /* BrowseView.swift */,
				AD000034000000000000001 /* WallpaperCard.swift */,
				AD0000A000000000000008 /* AnimatedWebPView.swift */,
				AD0000A000000000000099 /* HWheelScroll.swift */,
				AD0000A000000000000009 /* UploadsView.swift */,
				AD000035000000000000001 /* FavoritesView.swift */,
				AD000036000000000000001 /* SettingsView.swift */,
				AD000037000000000000001 /* PreviewPanel.swift */,
				AD000080000000000000001 /* DesignSystem.swift */,
			);
			path = Views;
			sourceTree = "<group>";
		};
		AE000008000000000000001 /* Onboarding */ = {
			isa = PBXGroup;
			children = (
				AD000040000000000000001 /* OnboardingPresenter.swift */,
				AD000041000000000000001 /* OnboardingFlow.swift */,
			);
			path = Onboarding;
			sourceTree = "<group>";
		};
		AE000009000000000000001 /* Paywall */ = {
			isa = PBXGroup;
			children = (
				AD000050000000000000001 /* PaywallPresenter.swift */,
				AD000051000000000000001 /* PaywallScreen.swift */,
			);
			path = Paywall;
			sourceTree = "<group>";
		};
		AE00000A000000000000001 /* Resources */ = {
			isa = PBXGroup;
			children = (
				AD000061000000000000001 /* PrivacyInfo.xcprivacy */,
				AD000062000000000000001 /* StoreKitTesting.storekit */,
				AD000071000000000000001 /* Localizable.xcstrings */,
				ADFE8DCA3245E9E941422184 /* Pets */,
			);
			path = Resources;
			sourceTree = "<group>";
		};
		B03AC1B14CA27D7701807B3A /* Desktop */ = {
			isa = PBXGroup;
			children = (
				A3900E5799CE0DFDB8095859 /* DesktopPetWindow.swift */,
				9B5A6A491A7B056E9B6BA6E5 /* DesktopPetManager.swift */,
				7368A70FE50B58309EB60A2C /* PetBackdropRenderer.swift */,
				1F41D286E5352CC830959E9D /* PetBackdropService.swift */,
				BC4EE85B7D7BB6F78241FF56 /* PetBackdropWindow.swift */,
			);
			name = Desktop;
			path = Desktop;
			sourceTree = "<group>";
		};
		B2C0AACC20D527CF36FB5E96 /* DIY */ = {
			isa = PBXGroup;
			children = (
				9C87E7F7B86C667D7F1FD40C /* DIYFrameBaker.swift */,
			);
			path = DIY;
			sourceTree = "<group>";
		};
		B7386DE673C8102EFE93B67D /* ViewModels */ = {
			isa = PBXGroup;
			children = (
				59FBC4C719D7890F88B680F3 /* WidgetsViewModel.swift */,
			);
			path = ViewModels;
			sourceTree = "<group>";
		};
		BB7DDF0CA5D877F49AE327A7 /* Core */ = {
			isa = PBXGroup;
			children = (
				F527D996D2CA2F8DD3B6A988 /* PetModels.swift */,
				B1363DAAA59CFC600046B6C1 /* PetCatalog.swift */,
				4356AAB60512E94D3030A1EB /* PetStore.swift */,
				5082EB304CAF7639AB89236D /* PetProfile.swift */,
			);
			name = Core;
			path = Core;
			sourceTree = "<group>";
		};
		CC94CA9DB419C385611F627A /* Views */ = {
			isa = PBXGroup;
			children = (
				5405E1FB6D0C87FC9419E919 /* PetsView.swift */,
				BE4D3AB19457602F0D5D61EB /* PetPreviewView.swift */,
			);
			name = Views;
			path = Views;
			sourceTree = "<group>";
		};
		D04D92B7D7AB5A8BDE97A398 /* Pets */ = {
			isa = PBXGroup;
			children = (
				BB7DDF0CA5D877F49AE327A7 /* Core */,
				3D1E9ACAC26D7C4D6114AF1A /* Render */,
				B03AC1B14CA27D7701807B3A /* Desktop */,
				EA42D93C3B06C6A1B5CC2FA1 /* ViewModels */,
				CC94CA9DB419C385611F627A /* Views */,
			);
			name = Pets;
			path = Pets;
			sourceTree = "<group>";
		};
		EA42D93C3B06C6A1B5CC2FA1 /* ViewModels */ = {
			isa = PBXGroup;
			children = (
				5F13445A4CEC2879E73FDD38 /* PetsViewModel.swift */,
			);
			name = ViewModels;
			path = ViewModels;
			sourceTree = "<group>";
		};
		FC8B4AEF779468F37C860D45 /* WallpicsWidgetExtension */ = {
			isa = PBXGroup;
			children = (
				438ECF57B372488E4FA596B4 /* WallpicsWidgetBundle.swift */,
				DAD64552A46CD4C3AB449DF4 /* WallpicsPhotoWidget.swift */,
				EE3CE76D02AAD667C56E43A8 /* SelectWidgetIntent.swift */,
				4915D64E49376ED002DD0DB2 /* WidgetSharedStore.swift */,
				215C2434A814A5F95DFA36B9 /* Info.plist */,
				279A58E939A5FD364E8160CB /* WallpicsWidgetExtension.entitlements */,
				E6F5A43595EF0B78D10A68D1 /* WidgetSharedExport.swift */,
				C6CE6072430F21D53FB796D4 /* MatchesWidget.swift */,
				36677C4EC799AC98D6770014 /* WidgetLiveAPI.swift */,
			);
			path = WallpicsWidgetExtension;
			sourceTree = "<group>";
		};
/* End PBXGroup section */

/* Begin PBXNativeTarget section */
		8A3ECE55ECFE3AFE0361F4AF /* WallpicsWidgetExtension */ = {
			isa = PBXNativeTarget;
			buildConfigurationList = C2FCC74C6D1FAE6D7759E4E3 /* Build configuration list for PBXNativeTarget "WallpicsWidgetExtension" */;
			buildPhases = (
				3F95AF5463CFFEE442CAEEB1 /* Sources */,
				9070190B6ECC5D470812154D /* Frameworks */,
				F7E05CD1782A90DE0FAFCC7F /* Resources */,
			);
			buildRules = (
			);
			dependencies = (
			);
			name = WallpicsWidgetExtension;
			productName = WallpicsWidgetExtension;
			productReference = 3691DDD0E08111A43D91D9FB /* WallpicsWidgetExtension.appex */;
			productType = "com.apple.product-type.app-extension";
		};
		A6000001000000000000001 /* WallpicsMac */ = {
			isa = PBXNativeTarget;
			buildConfigurationList = A7000001000000000000001 /* Build configuration list for PBXNativeTarget "WallpicsMac" */;
			buildPhases = (
				A8000001000000000000001 /* Sources */,
				A4000001000000000000001 /* Frameworks */,
				A9000001000000000000001 /* Resources */,
				6FB56FBF3BD020CB0D8AB667 /* Embed Foundation Extensions */,
			);
			buildRules = (
			);
			dependencies = (
				06EA601A8126A4D077898AE1 /* PBXTargetDependency */,
			);
			name = WallpicsMac;
			packageProductDependencies = (
				A1000005000000000000001 /* RiveRuntime */,
			);
			productName = WallpicsMac;
			productReference = A3000001000000000000001 /* WallpicsMac.app */;
			productType = "com.apple.product-type.application";
		};
/* End PBXNativeTarget section */

/* Begin PBXProject section */
		A0000001000000000000001 /* Project object */ = {
			isa = PBXProject;
			attributes = {
				BuildIndependentTargetsInParallel = 1;
				LastSwiftUpdateCheck = 1500;
				LastUpgradeCheck = 2650;
				TargetAttributes = {
					A6000001000000000000001 = {
						CreatedOnToolsVersion = 15.0;
					};
				};
			};
			buildConfigurationList = A7000002000000000000001 /* Build configuration list for PBXProject "WallpicsMac" */;
			compatibilityVersion = "Xcode 14.0";
			developmentRegion = en;
			hasScannedForEncodings = 0;
			knownRegions = (
				en,
				Base,
				ru,
				es,
				"zh-Hans",
				de,
				fr,
				ja,
				"pt-BR",
			);
			mainGroup = A5000001000000000000001;
			packageReferences = (
				AB000001000000000000001 /* XCRemoteSwiftPackageReference "rive-ios" */,
			);
			productRefGroup = A5000003000000000000001 /* Products */;
			projectDirPath = "";
			projectRoot = "";
			targets = (
				A6000001000000000000001 /* WallpicsMac */,
				8A3ECE55ECFE3AFE0361F4AF /* WallpicsWidgetExtension */,
			);
		};
/* End PBXProject section */

/* Begin PBXResourcesBuildPhase section */
		A9000001000000000000001 /* Resources */ = {
			isa = PBXResourcesBuildPhase;
			buildActionMask = 2147483647;
			files = (
				A1000003000000000000001 /* Assets.xcassets in Resources */,
				AC000061000000000000001 /* PrivacyInfo.xcprivacy in Resources */,
				AC000062000000000000001 /* StoreKitTesting.storekit in Resources */,
				AC000071000000000000001 /* Localizable.xcstrings in Resources */,
				DB350630BC7E36FC994A939F /* Pets in Resources */,
			);
			runOnlyForDeploymentPostprocessing = 0;
		};
		F7E05CD1782A90DE0FAFCC7F /* Resources */ = {
			isa = PBXResourcesBuildPhase;
			buildActionMask = 2147483647;
			files = (
			);
			runOnlyForDeploymentPostprocessing = 0;
		};
/* End PBXResourcesBuildPhase section */

/* Begin PBXSourcesBuildPhase section */
		3F95AF5463CFFEE442CAEEB1 /* Sources */ = {
			isa = PBXSourcesBuildPhase;
			buildActionMask = 2147483647;
			files = (
				73D761E29FE5056C85A72142 /* WallpicsWidgetBundle.swift in Sources */,
				B56B5E45C3CF13F1B91D4EF9 /* WallpicsPhotoWidget.swift in Sources */,
				EC909DF5EFAEEDD79C83A861 /* SelectWidgetIntent.swift in Sources */,
				9BCEED2F5FF6428B1F83976F /* WidgetSharedStore.swift in Sources */,
				7D26C82A9C21A8E6DE12C06C /* WidgetModels.swift in Sources */,
				3DEA13BD627CA9FF4B8A39A3 /* MatchesWidget.swift in Sources */,
				3C528F6BF6D90B8B75AA516E /* WidgetLiveAPI.swift in Sources */,
			);
			runOnlyForDeploymentPostprocessing = 0;
		};
		A8000001000000000000001 /* Sources */ = {
			isa = PBXSourcesBuildPhase;
			buildActionMask = 2147483647;
			files = (
				A1000001000000000000001 /* AppDelegate.swift in Sources */,
				A1000002000000000000001 /* main.swift in Sources */,
				AC000001000000000000001 /* Wallpaper.swift in Sources */,
				AC000002000000000000001 /* AppSettings.swift in Sources */,
				AC000003000000000000001 /* SubscriptionState.swift in Sources */,
				AC000004000000000000001 /* Logger.swift in Sources */,
				AC000005000000000000001 /* KeychainStore.swift in Sources */,
				AC000006000000000000001 /* WallpaperAPI.swift in Sources */,
				AC000007000000000000001 /* CacheManager.swift in Sources */,
				AC000008000000000000001 /* PowerMonitor.swift in Sources */,
				AC000009000000000000001 /* WallpaperRenderer.swift in Sources */,
				AC00000A000000000000001 /* WatermarkService.swift in Sources */,
				AC00000B000000000000001 /* StoreKitService.swift in Sources */,
				AC00000C000000000000001 /* WallpaperWindows.swift in Sources */,
				AC000010000000000000001 /* MainWindowController.swift in Sources */,
				AC000011000000000000001 /* AppEnvironment.swift in Sources */,
				AC000020000000000000001 /* BrowseViewModel.swift in Sources */,
				AC000021000000000000001 /* FavoritesViewModel.swift in Sources */,
				AC000030000000000000001 /* AppColors.swift in Sources */,
				AC000031000000000000001 /* ContentView.swift in Sources */,
				AC000032000000000000001 /* SidebarView.swift in Sources */,
				AC000033000000000000001 /* BrowseView.swift in Sources */,
				AC000034000000000000001 /* WallpaperCard.swift in Sources */,
				AC000035000000000000001 /* FavoritesView.swift in Sources */,
				AC000036000000000000001 /* SettingsView.swift in Sources */,
				AC000037000000000000001 /* PreviewPanel.swift in Sources */,
				AC000040000000000000001 /* OnboardingPresenter.swift in Sources */,
				AC000041000000000000001 /* OnboardingFlow.swift in Sources */,
				AC000050000000000000001 /* PaywallPresenter.swift in Sources */,
				AC000051000000000000001 /* PaywallScreen.swift in Sources */,
				AC000060000000000000001 /* CrashReporter.swift in Sources */,
				AC000070000000000000001 /* ImageLoader.swift in Sources */,
				AC000080000000000000001 /* DesignSystem.swift in Sources */,
				AC000090000000000000001 /* AppLanguage.swift in Sources */,
				AC0000A0000000000000001 /* ImportService.swift in Sources */,
				AC0000A0000000000000002 /* ZipExtractor.swift in Sources */,
				AC0000A000000000000008 /* AnimatedWebPView.swift in Sources */,
				AC0000A000000000000099 /* HWheelScroll.swift in Sources */,
				AC0000A000000000000009 /* UploadsView.swift in Sources */,
				AC0000A000000000000007 /* WallpaperCategory.swift in Sources */,
				AC0000A000000000000006 /* WallpaperPoster.swift in Sources */,
				AC0000A000000000000005 /* ShaderSnapshot.swift in Sources */,
				AC0000A000000000000004 /* ActiveWallpaperStore.swift in Sources */,
				AC0000A000000000000003 /* LoginItemService.swift in Sources */,
				DC44CFC23A302EC527823E6D /* WidgetBundleStore.swift in Sources */,
				28CDED18A879E29656671E9E /* WidgetCatalogModels.swift in Sources */,
				97F07E6659D71C72CEB5C48C /* WidgetAssetResolver.swift in Sources */,
				17E2115CE8E510B7F5B5CB47 /* WidgetImage.swift in Sources */,
				C706000A029426925A98EC2E /* WidgetModels.swift in Sources */,
				0022758506CC60C48E683845 /* WidgetPaths.swift in Sources */,
				802F5EE3015D9BFBC5DFB916 /* WidgetStore.swift in Sources */,
				449E671B08600ECE8BBA8BA5 /* DesktopWidgetManager.swift in Sources */,
				A1E34D204D0999859116C62E /* WidgetPlacement.swift in Sources */,
				59DB8CEE49132CEBACECC953 /* WidgetEditorModel.swift in Sources */,
				7C5AE7A9F2BFD7D3EF4B50FA /* WidgetEditorView.swift in Sources */,
				95F65D524E33AA80215E8107 /* WidgetRenderView.swift in Sources */,
				61CA52C315FD608EC89223EB /* WidgetsViewModel.swift in Sources */,
				7BD3955EB231ABDEF6F40300 /* WidgetTiles.swift in Sources */,
				298F095D6E939507443C7908 /* WidgetsView.swift in Sources */,
				5ECA8C63270AEA74197101B2 /* WidgetTemplateConfig.swift in Sources */,
				0B4C2D7BF9036EA1A0004570 /* WidgetTemplateData.swift in Sources */,
				987B7FA73C84D28929172375 /* WidgetTemplateView.swift in Sources */,
				68461D3FC3445F66414C8F83 /* DIYFrameBaker.swift in Sources */,
				F310155BD39D4412E0A1C0F8 /* WidgetSharedExport.swift in Sources */,
				ECA8939D52F1D2D821F36D1D /* PetModels.swift in Sources */,
				4CDD9445096B4E4DD582085E /* PetCatalog.swift in Sources */,
				4B0E31D1DB6FA5634D6C043F /* PetStore.swift in Sources */,
				188D66852705DCC88A5CBA4C /* PoseSequence.swift in Sources */,
				EE61B7122AE5A7B2B7FD1F14 /* GazeMap.swift in Sources */,
				EB347DC536C79EEEC882C43F /* PetRenderer.swift in Sources */,
				BEED5DBC7B8468B837C7F6F2 /* DesktopPetWindow.swift in Sources */,
				545E9DBD2CFF674DAC818F80 /* DesktopPetManager.swift in Sources */,
				EFFAE9B1E8381164D7B32BD5 /* PetsViewModel.swift in Sources */,
				238A5A34677F3AE2BF95CC01 /* PetsView.swift in Sources */,
				496B294D114BBCB32A8C77A9 /* PetPreviewView.swift in Sources */,
				3CEE18171E2C47CDEDB03EF6 /* PetProfile.swift in Sources */,
				1966A8567F28C575C4BEAF90 /* PetBackdropRenderer.swift in Sources */,
				EEE0A211842651AEE5D52471 /* PetBackdropService.swift in Sources */,
				6B828942A0E9CBB701997114 /* PetBackdropWindow.swift in Sources */,
			);
			runOnlyForDeploymentPostprocessing = 0;
		};
/* End PBXSourcesBuildPhase section */

/* Begin PBXTargetDependency section */
		06EA601A8126A4D077898AE1 /* PBXTargetDependency */ = {
			isa = PBXTargetDependency;
			name = WallpicsWidgetExtension;
			target = 8A3ECE55ECFE3AFE0361F4AF /* WallpicsWidgetExtension */;
			targetProxy = B5E1492E5FC54428D160B0AA /* PBXContainerItemProxy */;
		};
/* End PBXTargetDependency section */

/* Begin XCBuildConfiguration section */
		761B8E4D97F741382F47F665 /* Debug */ = {
			isa = XCBuildConfiguration;
			buildSettings = {
				CODE_SIGN_ENTITLEMENTS = "WallpicsWidgetExtension/WallpicsWidgetExtension-Local.entitlements";
				CODE_SIGN_IDENTITY = "-";
				"CODE_SIGN_IDENTITY[sdk=macosx*]" = "-";
				CODE_SIGN_STYLE = Manual;
				CURRENT_PROJECT_VERSION = 49;
				DEVELOPMENT_TEAM = "";
				ENABLE_PREVIEWS = YES;
				GENERATE_INFOPLIST_FILE = NO;
				INFOPLIST_FILE = WallpicsWidgetExtension/Info.plist;
				LD_RUNPATH_SEARCH_PATHS = (
					"$(inherited)",
					"@executable_path/../../../../Frameworks",
				);
				MACOSX_DEPLOYMENT_TARGET = 14.0;
				MARKETING_VERSION = 1.0.1;
				PRODUCT_BUNDLE_IDENTIFIER = com.kyragames.AestheticSadWallppapers.WallpicsWidget;
				PRODUCT_NAME = "$(TARGET_NAME)";
				PROVISIONING_PROFILE_SPECIFIER = "";
				SDKROOT = macosx;
				SKIP_INSTALL = YES;
				SWIFT_EMIT_LOC_STRINGS = YES;
				SWIFT_VERSION = 5.0;
			};
			name = Debug;
		};
		A7000003000000000000001 /* Debug */ = {
			isa = XCBuildConfiguration;
			buildSettings = {
				ALWAYS_SEARCH_USER_PATHS = NO;
				ASSETCATALOG_COMPILER_GENERATE_SWIFT_ASSET_SYMBOL_EXTENSIONS = YES;
				CLANG_ANALYZER_LOCALIZABILITY_NONLOCALIZED = YES;
				CLANG_ANALYZER_NONNULL = YES;
				CLANG_ANALYZER_NUMBER_OBJECT_CONVERSION = YES_AGGRESSIVE;
				CLANG_CXX_LANGUAGE_STANDARD = "gnu++20";
				CLANG_ENABLE_MODULES = YES;
				CLANG_ENABLE_OBJC_ARC = YES;
				CLANG_ENABLE_OBJC_WEAK = YES;
				CLANG_WARN_BLOCK_CAPTURE_AUTORELEASING = YES;
				CLANG_WARN_BOOL_CONVERSION = YES;
				CLANG_WARN_COMMA = YES;
				CLANG_WARN_CONSTANT_CONVERSION = YES;
				CLANG_WARN_DEPRECATED_OBJC_IMPLEMENTATIONS = YES;
				CLANG_WARN_DIRECT_OBJC_ISA_USAGE = YES_ERROR;
				CLANG_WARN_DOCUMENTATION_COMMENTS = YES;
				CLANG_WARN_EMPTY_BODY = YES;
				CLANG_WARN_ENUM_CONVERSION = YES;
				CLANG_WARN_INFINITE_RECURSION = YES;
				CLANG_WARN_INT_CONVERSION = YES;
				CLANG_WARN_NON_LITERAL_NULL_CONVERSION = YES;
				CLANG_WARN_OBJC_IMPLICIT_RETAIN_SELF = YES;
				CLANG_WARN_OBJC_LITERAL_CONVERSION = YES;
				CLANG_WARN_OBJC_ROOT_CLASS = YES_ERROR;
				CLANG_WARN_QUOTED_INCLUDE_IN_FRAMEWORK_HEADER = YES;
				CLANG_WARN_RANGE_LOOP_ANALYSIS = YES;
				CLANG_WARN_STRICT_PROTOTYPES = YES;
				CLANG_WARN_SUSPICIOUS_MOVE = YES;
				CLANG_WARN_UNGUARDED_AVAILABILITY = YES_AGGRESSIVE;
				CLANG_WARN_UNREACHABLE_CODE = YES;
				CLANG_WARN__DUPLICATE_METHOD_MATCH = YES;
				COPY_PHASE_STRIP = NO;
				DEAD_CODE_STRIPPING = YES;
				DEBUG_INFORMATION_FORMAT = dwarf;
				DEVELOPMENT_TEAM = QE3Q29UECT;
				ENABLE_STRICT_OBJC_MSGSEND = YES;
				ENABLE_TESTABILITY = YES;
				ENABLE_USER_SCRIPT_SANDBOXING = YES;
				GCC_C_LANGUAGE_STANDARD = gnu17;
				GCC_DYNAMIC_NO_PIC = NO;
				GCC_NO_COMMON_BLOCKS = YES;
				GCC_OPTIMIZATION_LEVEL = 0;
				GCC_PREPROCESSOR_DEFINITIONS = (
					"DEBUG=1",
					"$(inherited)",
				);
				GCC_WARN_64_TO_32_BIT_CONVERSION = YES;
				GCC_WARN_ABOUT_RETURN_TYPE = YES_ERROR;
				GCC_WARN_UNDECLARED_SELECTOR = YES;
				GCC_WARN_UNINITIALIZED_AUTOS = YES_AGGRESSIVE;
				GCC_WARN_UNUSED_FUNCTION = YES;
				GCC_WARN_UNUSED_VARIABLE = YES;
				LOCALIZATION_PREFERS_STRING_CATALOGS = YES;
				MACOSX_DEPLOYMENT_TARGET = 14.0;
				MTL_ENABLE_DEBUG_INFO = INCLUDE_SOURCE;
				MTL_FAST_MATH = YES;
				ONLY_ACTIVE_ARCH = YES;
				SDKROOT = macosx;
				STRING_CATALOG_GENERATE_SYMBOLS = YES;
				SWIFT_ACTIVE_COMPILATION_CONDITIONS = "DEBUG $(inherited)";
				SWIFT_OPTIMIZATION_LEVEL = "-Onone";
			};
			name = Debug;
		};
		A7000004000000000000001 /* Release */ = {
			isa = XCBuildConfiguration;
			buildSettings = {
				ALWAYS_SEARCH_USER_PATHS = NO;
				ASSETCATALOG_COMPILER_GENERATE_SWIFT_ASSET_SYMBOL_EXTENSIONS = YES;
				CLANG_ANALYZER_LOCALIZABILITY_NONLOCALIZED = YES;
				CLANG_ANALYZER_NONNULL = YES;
				CLANG_ANALYZER_NUMBER_OBJECT_CONVERSION = YES_AGGRESSIVE;
				CLANG_CXX_LANGUAGE_STANDARD = "gnu++20";
				CLANG_ENABLE_MODULES = YES;
				CLANG_ENABLE_OBJC_ARC = YES;
				CLANG_ENABLE_OBJC_WEAK = YES;
				CLANG_WARN_BLOCK_CAPTURE_AUTORELEASING = YES;
				CLANG_WARN_BOOL_CONVERSION = YES;
				CLANG_WARN_COMMA = YES;
				CLANG_WARN_CONSTANT_CONVERSION = YES;
				CLANG_WARN_DEPRECATED_OBJC_IMPLEMENTATIONS = YES;
				CLANG_WARN_DIRECT_OBJC_ISA_USAGE = YES_ERROR;
				CLANG_WARN_DOCUMENTATION_COMMENTS = YES;
				CLANG_WARN_EMPTY_BODY = YES;
				CLANG_WARN_ENUM_CONVERSION = YES;
				CLANG_WARN_INFINITE_RECURSION = YES;
				CLANG_WARN_INT_CONVERSION = YES;
				CLANG_WARN_NON_LITERAL_NULL_CONVERSION = YES;
				CLANG_WARN_OBJC_IMPLICIT_RETAIN_SELF = YES;
				CLANG_WARN_OBJC_LITERAL_CONVERSION = YES;
				CLANG_WARN_OBJC_ROOT_CLASS = YES_ERROR;
				CLANG_WARN_QUOTED_INCLUDE_IN_FRAMEWORK_HEADER = YES;
				CLANG_WARN_RANGE_LOOP_ANALYSIS = YES;
				CLANG_WARN_STRICT_PROTOTYPES = YES;
				CLANG_WARN_SUSPICIOUS_MOVE = YES;
				CLANG_WARN_UNGUARDED_AVAILABILITY = YES_AGGRESSIVE;
				CLANG_WARN_UNREACHABLE_CODE = YES;
				CLANG_WARN__DUPLICATE_METHOD_MATCH = YES;
				COPY_PHASE_STRIP = NO;
				DEAD_CODE_STRIPPING = YES;
				DEBUG_INFORMATION_FORMAT = "dwarf-with-dsym";
				DEVELOPMENT_TEAM = QE3Q29UECT;
				ENABLE_NS_ASSERTIONS = NO;
				ENABLE_STRICT_OBJC_MSGSEND = YES;
				ENABLE_USER_SCRIPT_SANDBOXING = YES;
				GCC_C_LANGUAGE_STANDARD = gnu17;
				GCC_NO_COMMON_BLOCKS = YES;
				GCC_WARN_64_TO_32_BIT_CONVERSION = YES;
				GCC_WARN_ABOUT_RETURN_TYPE = YES_ERROR;
				GCC_WARN_UNDECLARED_SELECTOR = YES;
				GCC_WARN_UNINITIALIZED_AUTOS = YES_AGGRESSIVE;
				GCC_WARN_UNUSED_FUNCTION = YES;
				GCC_WARN_UNUSED_VARIABLE = YES;
				LOCALIZATION_PREFERS_STRING_CATALOGS = YES;
				MACOSX_DEPLOYMENT_TARGET = 14.0;
				MTL_ENABLE_DEBUG_INFO = NO;
				MTL_FAST_MATH = YES;
				SDKROOT = macosx;
				STRING_CATALOG_GENERATE_SYMBOLS = YES;
				SWIFT_COMPILATION_MODE = wholemodule;
			};
			name = Release;
		};
		A7000005000000000000001 /* Debug */ = {
			isa = XCBuildConfiguration;
			buildSettings = {
				ASSETCATALOG_COMPILER_APPICON_NAME = AppIcon;
				ASSETCATALOG_COMPILER_GLOBAL_ACCENT_COLOR_NAME = AccentColor;
				CODE_SIGN_ENTITLEMENTS = "WallpicsMac/WallpicsMac-Local.entitlements";
				CODE_SIGN_IDENTITY = "-";
				"CODE_SIGN_IDENTITY[sdk=macosx*]" = "-";
				CODE_SIGN_STYLE = Manual;
				COMBINE_HIDPI_IMAGES = YES;
				CURRENT_PROJECT_VERSION = 49;
				DEAD_CODE_STRIPPING = YES;
				DEVELOPMENT_TEAM = "";
				GENERATE_INFOPLIST_FILE = NO;
				INFOPLIST_FILE = WallpicsMac/Info.plist;
				INFOPLIST_KEY_CFBundleDisplayName = WallPics;
				INFOPLIST_KEY_LSApplicationCategoryType = "public.app-category.utilities";
				INFOPLIST_KEY_NSHumanReadableCopyright = "";
				LD_RUNPATH_SEARCH_PATHS = (
					"$(inherited)",
					"@executable_path/../Frameworks",
				);
				MARKETING_VERSION = 1.0.1;
				PRODUCT_BUNDLE_IDENTIFIER = com.kyragames.AestheticSadWallppapers;
				PRODUCT_NAME = WallPics;
				PROVISIONING_PROFILE_SPECIFIER = "";
				SWIFT_EMIT_LOC_STRINGS = YES;
				SWIFT_VERSION = 5.0;
			};
			name = Debug;
		};
		A7000006000000000000001 /* Release */ = {
			isa = XCBuildConfiguration;
			buildSettings = {
				ASSETCATALOG_COMPILER_APPICON_NAME = AppIcon;
				ASSETCATALOG_COMPILER_GLOBAL_ACCENT_COLOR_NAME = AccentColor;
				CODE_SIGN_ENTITLEMENTS = WallpicsMac/WallpicsMac.entitlements;
				"CODE_SIGN_IDENTITY[sdk=macosx*]" = "Apple Development";
				CODE_SIGN_STYLE = Automatic;
				COMBINE_HIDPI_IMAGES = YES;
				CURRENT_PROJECT_VERSION = 49;
				DEAD_CODE_STRIPPING = YES;
				DEVELOPMENT_TEAM = Y2QL97Z4A6;
				GENERATE_INFOPLIST_FILE = NO;
				INFOPLIST_FILE = WallpicsMac/Info.plist;
				INFOPLIST_KEY_CFBundleDisplayName = WallPics;
				INFOPLIST_KEY_LSApplicationCategoryType = "public.app-category.utilities";
				INFOPLIST_KEY_NSHumanReadableCopyright = "";
				LD_RUNPATH_SEARCH_PATHS = (
					"$(inherited)",
					"@executable_path/../Frameworks",
				);
				MARKETING_VERSION = 1.0.1;
				ONLY_ACTIVE_ARCH = NO;
				PRODUCT_BUNDLE_IDENTIFIER = com.kyragames.AestheticSadWallppapers;
				PRODUCT_NAME = WallPics;
				SWIFT_EMIT_LOC_STRINGS = YES;
				SWIFT_VERSION = 5.0;
			};
			name = Release;
		};
		EF317B709A696E466AD5100E /* Release */ = {
			isa = XCBuildConfiguration;
			buildSettings = {
				CODE_SIGN_ENTITLEMENTS = WallpicsWidgetExtension/WallpicsWidgetExtension.entitlements;
				CODE_SIGN_STYLE = Automatic;
				CURRENT_PROJECT_VERSION = 49;
				DEVELOPMENT_TEAM = Y2QL97Z4A6;
				ENABLE_PREVIEWS = YES;
				GENERATE_INFOPLIST_FILE = NO;
				INFOPLIST_FILE = WallpicsWidgetExtension/Info.plist;
				LD_RUNPATH_SEARCH_PATHS = (
					"$(inherited)",
					"@executable_path/../../../../Frameworks",
				);
				MACOSX_DEPLOYMENT_TARGET = 14.0;
				MARKETING_VERSION = 1.0.1;
				PRODUCT_BUNDLE_IDENTIFIER = com.kyragames.AestheticSadWallppapers.WallpicsWidget;
				PRODUCT_NAME = "$(TARGET_NAME)";
				SDKROOT = macosx;
				SKIP_INSTALL = YES;
				SWIFT_EMIT_LOC_STRINGS = YES;
				SWIFT_VERSION = 5.0;
			};
			name = Release;
		};
/* End XCBuildConfiguration section */

/* Begin XCConfigurationList section */
		A7000001000000000000001 /* Build configuration list for PBXNativeTarget "WallpicsMac" */ = {
			isa = XCConfigurationList;
			buildConfigurations = (
				A7000005000000000000001 /* Debug */,
				A7000006000000000000001 /* Release */,
			);
			defaultConfigurationIsVisible = 0;
			defaultConfigurationName = Release;
		};
		A7000002000000000000001 /* Build configuration list for PBXProject "WallpicsMac" */ = {
			isa = XCConfigurationList;
			buildConfigurations = (
				A7000003000000000000001 /* Debug */,
				A7000004000000000000001 /* Release */,
			);
			defaultConfigurationIsVisible = 0;
			defaultConfigurationName = Release;
		};
		C2FCC74C6D1FAE6D7759E4E3 /* Build configuration list for PBXNativeTarget "WallpicsWidgetExtension" */ = {
			isa = XCConfigurationList;
			buildConfigurations = (
				EF317B709A696E466AD5100E /* Release */,
				761B8E4D97F741382F47F665 /* Debug */,
			);
			defaultConfigurationIsVisible = 0;
			defaultConfigurationName = Release;
		};
/* End XCConfigurationList section */

/* Begin XCRemoteSwiftPackageReference section */
		AB000001000000000000001 /* XCRemoteSwiftPackageReference "rive-ios" */ = {
			isa = XCRemoteSwiftPackageReference;
			repositoryURL = "https://github.com/rive-app/rive-ios.git";
			requirement = {
				kind = upToNextMajorVersion;
				minimumVersion = 6.0.0;
			};
		};
/* End XCRemoteSwiftPackageReference section */

/* Begin XCSwiftPackageProductDependency section */
		A1000005000000000000001 /* RiveRuntime */ = {
			isa = XCSwiftPackageProductDependency;
			package = AB000001000000000000001 /* XCRemoteSwiftPackageReference "rive-ios" */;
			productName = RiveRuntime;
		};
/* End XCSwiftPackageProductDependency section */
	};
	rootObject = A0000001000000000000001 /* Project object */;
}
